dependencies:
- name: chatwoot
  repository: https://chatwoot.github.io/charts
  version: 2.0.8
- name: cluster
  repository: https://cloudnative-pg.github.io/charts
  version: 0.3.1
digest: sha256:9e9ca69440b6cbae78b42b0831d289c4aa72f26b691d2a5eedc0c7eff6be45e4
generated: "2025-11-07T23:18:24.490275595Z"
